
Microsoft Visual Studio Solution File, Format Version 12.00
# Visual Studio Version 16
VisualStudioVersion = 16.0.32002.261
MinimumVisualStudioVersion = 10.0.40219.1
Project("{FAE04EC0-301F-11D3-BF4B-00C04F79EFBC}") = "Part1", "Part1\Part1.csproj", "{58ABB3A4-9FA7-41D8-82F6-3F7D2A56179C}"
EndProject
Project("{FAE04EC0-301F-11D3-BF4B-00C04F79EFBC}") = "Part2", "Part2\Part2.csproj", "{474FA340-EE27-478B-BA8F-3492850A846F}"
EndProject
Project("{FAE04EC0-301F-11D3-BF4B-00C04F79EFBC}") = "Part3", "Part3\Part3.csproj", "{D41313D8-FD41-423E-8525-2B8F9556A83A}"
EndProject
Project("{FAE04EC0-301F-11D3-BF4B-00C04F79EFBC}") = "Part4", "Part4\Part4.csproj", "{22221378-E342-4F34-8B51-80EEA838282B}"
EndProject
Project("{FAE04EC0-301F-11D3-BF4B-00C04F79EFBC}") = "Part5", "Part5\Part5.csproj", "{8AFA2FCD-C4E5-4CA2-B724-B65AEB005EB1}"
EndProject
Project("{FAE04EC0-301F-11D3-BF4B-00C04F79EFBC}") = "Part6", "Part6\Part6.csproj", "{792D7BA5-12C6-491F-863F-99F01E8F9686}"
EndProject
Project("{FAE04EC0-301F-11D3-BF4B-00C04F79EFBC}") = "Part7", "Part7\Part7.csproj", "{E233BAC3-7D38-436B-8A94-60AC747A9EEA}"
EndProject
Project("{FAE04EC0-301F-11D3-BF4B-00C04F79EFBC}") = "Part8", "Part8\Part8.csproj", "{F3BF05F3-0884-43DC-BCC6-EC87F18DE74C}"
EndProject
Project("{FAE04EC0-301F-11D3-BF4B-00C04F79EFBC}") = "Part9", "Part9\Part9.csproj", "{B4ADE081-F293-4E48-93A5-3445CFC110FA}"
EndProject
Project("{FAE04EC0-301F-11D3-BF4B-00C04F79EFBC}") = "Part10", "Part10\Part10.csproj", "{91C42205-3A03-4297-AAAF-67A90CD69F55}"
EndProject
Project("{FAE04EC0-301F-11D3-BF4B-00C04F79EFBC}") = "Part11", "Part11\Part11.csproj", "{382B1F36-3B55-4C6C-9B93-80D104352C83}"
EndProject
Project("{FAE04EC0-301F-11D3-BF4B-00C04F79EFBC}") = "Part12", "Part12\Part12.csproj", "{A727FEBB-5F94-4C80-BBF4-2A875CDB66CC}"
EndProject
Project("{FAE04EC0-301F-11D3-BF4B-00C04F79EFBC}") = "Part13", "Part13\Part13.csproj", "{6CC29B95-4285-430D-AE9C-ADDA5BB035DF}"
EndProject
Project("{FAE04EC0-301F-11D3-BF4B-00C04F79EFBC}") = "Part14", "Part14\Part14.csproj", "{81EE563C-7A7E-4725-88B9-1EC401DF6337}"
EndProject
Project("{FAE04EC0-301F-11D3-BF4B-00C04F79EFBC}") = "Part15", "Part15\Part15.csproj", "{F3190215-15DD-4DB8-AA8B-0907C206908F}"
EndProject
Project("{FAE04EC0-301F-11D3-BF4B-00C04F79EFBC}") = "Part16", "Part16\Part16.csproj", "{F80832C4-D8E2-4136-9FF3-3A5B70161C0F}"
EndProject
Project("{FAE04EC0-301F-11D3-BF4B-00C04F79EFBC}") = "Part17", "Part17\Part17.csproj", "{869F78F0-F861-4979-B429-1CD3038A7E33}"
EndProject
Project("{FAE04EC0-301F-11D3-BF4B-00C04F79EFBC}") = "Part18", "Part18\Part18.csproj", "{BD227C2B-3932-4673-AF3C-71C3DA91821B}"
EndProject
Project("{FAE04EC0-301F-11D3-BF4B-00C04F79EFBC}") = "Part19", "Part19\Part19.csproj", "{32F37E29-7585-485F-81D0-4E37E91D7E94}"
EndProject
Project("{FAE04EC0-301F-11D3-BF4B-00C04F79EFBC}") = "Part20", "Part20\Part20.csproj", "{55F5E3D2-A794-4B43-A182-1E3B75D52DB0}"
EndProject
Project("{FAE04EC0-301F-11D3-BF4B-00C04F79EFBC}") = "Part21", "Part21\Part21.csproj", "{6279C882-AA88-40EF-8621-7D897B33947A}"
EndProject
Project("{FAE04EC0-301F-11D3-BF4B-00C04F79EFBC}") = "Part22", "Part22\Part22.csproj", "{807C1A81-1918-4C36-88BA-65AEB8050428}"
EndProject
Project("{FAE04EC0-301F-11D3-BF4B-00C04F79EFBC}") = "Part23", "Part23\Part23.csproj", "{7C475BA3-3044-44B7-8143-572F3F1EE235}"
EndProject
Project("{FAE04EC0-301F-11D3-BF4B-00C04F79EFBC}") = "Part24", "Part24\Part24.csproj", "{1A121FA6-1630-4F62-B662-F80ED37E5CCC}"
EndProject
Project("{FAE04EC0-301F-11D3-BF4B-00C04F79EFBC}") = "Part25", "Part25\Part25.csproj", "{60ED9226-C4B3-4E0C-802A-9337149B3C15}"
EndProject
Project("{FAE04EC0-301F-11D3-BF4B-00C04F79EFBC}") = "Part26", "Part26\Part26.csproj", "{B8A8E5F7-7473-40ED-925C-CB7134CDE855}"
EndProject
Project("{FAE04EC0-301F-11D3-BF4B-00C04F79EFBC}") = "Part27", "Part27\Part27.csproj", "{96E67F6E-053B-411B-847B-9A632ADC0BA2}"
EndProject
Project("{FAE04EC0-301F-11D3-BF4B-00C04F79EFBC}") = "Part28", "Part28\Part28.csproj", "{16311AA3-132A-4B72-9082-867F671E348B}"
EndProject
Project("{FAE04EC0-301F-11D3-BF4B-00C04F79EFBC}") = "Part29", "Part29\Part29.csproj", "{EAD69D2F-6573-42FC-AF60-7C1019675215}"
EndProject
Project("{FAE04EC0-301F-11D3-BF4B-00C04F79EFBC}") = "Part30", "Part30\Part30.csproj", "{45BE4C20-F68B-47E8-96CF-D5423C6D96B2}"
EndProject
Project("{FAE04EC0-301F-11D3-BF4B-00C04F79EFBC}") = "Part31", "Part31\Part31.csproj", "{FDE6A3CB-1A6B-49BF-9CCC-91853468EDB2}"
EndProject
Project("{FAE04EC0-301F-11D3-BF4B-00C04F79EFBC}") = "Part32", "Part32\Part32.csproj", "{39A0F7D8-D99C-4D3E-B38F-2438ECDC2F7F}"
EndProject
Global
	GlobalSection(SolutionConfigurationPlatforms) = preSolution
		Debug|Any CPU = Debug|Any CPU
		Release|Any CPU = Release|Any CPU
	EndGlobalSection
	GlobalSection(ProjectConfigurationPlatforms) = postSolution
		{58ABB3A4-9FA7-41D8-82F6-3F7D2A56179C}.Debug|Any CPU.ActiveCfg = Debug|Any CPU
		{58ABB3A4-9FA7-41D8-82F6-3F7D2A56179C}.Debug|Any CPU.Build.0 = Debug|Any CPU
		{58ABB3A4-9FA7-41D8-82F6-3F7D2A56179C}.Release|Any CPU.ActiveCfg = Release|Any CPU
		{58ABB3A4-9FA7-41D8-82F6-3F7D2A56179C}.Release|Any CPU.Build.0 = Release|Any CPU
		{474FA340-EE27-478B-BA8F-3492850A846F}.Debug|Any CPU.ActiveCfg = Debug|Any CPU
		{474FA340-EE27-478B-BA8F-3492850A846F}.Debug|Any CPU.Build.0 = Debug|Any CPU
		{474FA340-EE27-478B-BA8F-3492850A846F}.Release|Any CPU.ActiveCfg = Release|Any CPU
		{474FA340-EE27-478B-BA8F-3492850A846F}.Release|Any CPU.Build.0 = Release|Any CPU
		{D41313D8-FD41-423E-8525-2B8F9556A83A}.Debug|Any CPU.ActiveCfg = Debug|Any CPU
		{D41313D8-FD41-423E-8525-2B8F9556A83A}.Debug|Any CPU.Build.0 = Debug|Any CPU
		{D41313D8-FD41-423E-8525-2B8F9556A83A}.Release|Any CPU.ActiveCfg = Release|Any CPU
		{D41313D8-FD41-423E-8525-2B8F9556A83A}.Release|Any CPU.Build.0 = Release|Any CPU
		{22221378-E342-4F34-8B51-80EEA838282B}.Debug|Any CPU.ActiveCfg = Debug|Any CPU
		{22221378-E342-4F34-8B51-80EEA838282B}.Debug|Any CPU.Build.0 = Debug|Any CPU
		{22221378-E342-4F34-8B51-80EEA838282B}.Release|Any CPU.ActiveCfg = Release|Any CPU
		{22221378-E342-4F34-8B51-80EEA838282B}.Release|Any CPU.Build.0 = Release|Any CPU
		{8AFA2FCD-C4E5-4CA2-B724-B65AEB005EB1}.Debug|Any CPU.ActiveCfg = Debug|Any CPU
		{8AFA2FCD-C4E5-4CA2-B724-B65AEB005EB1}.Debug|Any CPU.Build.0 = Debug|Any CPU
		{8AFA2FCD-C4E5-4CA2-B724-B65AEB005EB1}.Release|Any CPU.ActiveCfg = Release|Any CPU
		{8AFA2FCD-C4E5-4CA2-B724-B65AEB005EB1}.Release|Any CPU.Build.0 = Release|Any CPU
		{792D7BA5-12C6-491F-863F-99F01E8F9686}.Debug|Any CPU.ActiveCfg = Debug|Any CPU
		{792D7BA5-12C6-491F-863F-99F01E8F9686}.Debug|Any CPU.Build.0 = Debug|Any CPU
		{792D7BA5-12C6-491F-863F-99F01E8F9686}.Release|Any CPU.ActiveCfg = Release|Any CPU
		{792D7BA5-12C6-491F-863F-99F01E8F9686}.Release|Any CPU.Build.0 = Release|Any CPU
		{E233BAC3-7D38-436B-8A94-60AC747A9EEA}.Debug|Any CPU.ActiveCfg = Debug|Any CPU
		{E233BAC3-7D38-436B-8A94-60AC747A9EEA}.Debug|Any CPU.Build.0 = Debug|Any CPU
		{E233BAC3-7D38-436B-8A94-60AC747A9EEA}.Release|Any CPU.ActiveCfg = Release|Any CPU
		{E233BAC3-7D38-436B-8A94-60AC747A9EEA}.Release|Any CPU.Build.0 = Release|Any CPU
		{F3BF05F3-0884-43DC-BCC6-EC87F18DE74C}.Debug|Any CPU.ActiveCfg = Debug|Any CPU
		{F3BF05F3-0884-43DC-BCC6-EC87F18DE74C}.Debug|Any CPU.Build.0 = Debug|Any CPU
		{F3BF05F3-0884-43DC-BCC6-EC87F18DE74C}.Release|Any CPU.ActiveCfg = Release|Any CPU
		{F3BF05F3-0884-43DC-BCC6-EC87F18DE74C}.Release|Any CPU.Build.0 = Release|Any CPU
		{B4ADE081-F293-4E48-93A5-3445CFC110FA}.Debug|Any CPU.ActiveCfg = Debug|Any CPU
		{B4ADE081-F293-4E48-93A5-3445CFC110FA}.Debug|Any CPU.Build.0 = Debug|Any CPU
		{B4ADE081-F293-4E48-93A5-3445CFC110FA}.Release|Any CPU.ActiveCfg = Release|Any CPU
		{B4ADE081-F293-4E48-93A5-3445CFC110FA}.Release|Any CPU.Build.0 = Release|Any CPU
		{91C42205-3A03-4297-AAAF-67A90CD69F55}.Debug|Any CPU.ActiveCfg = Debug|Any CPU
		{91C42205-3A03-4297-AAAF-67A90CD69F55}.Debug|Any CPU.Build.0 = Debug|Any CPU
		{91C42205-3A03-4297-AAAF-67A90CD69F55}.Release|Any CPU.ActiveCfg = Release|Any CPU
		{91C42205-3A03-4297-AAAF-67A90CD69F55}.Release|Any CPU.Build.0 = Release|Any CPU
		{382B1F36-3B55-4C6C-9B93-80D104352C83}.Debug|Any CPU.ActiveCfg = Debug|Any CPU
		{382B1F36-3B55-4C6C-9B93-80D104352C83}.Debug|Any CPU.Build.0 = Debug|Any CPU
		{382B1F36-3B55-4C6C-9B93-80D104352C83}.Release|Any CPU.ActiveCfg = Release|Any CPU
		{382B1F36-3B55-4C6C-9B93-80D104352C83}.Release|Any CPU.Build.0 = Release|Any CPU
		{A727FEBB-5F94-4C80-BBF4-2A875CDB66CC}.Debug|Any CPU.ActiveCfg = Debug|Any CPU
		{A727FEBB-5F94-4C80-BBF4-2A875CDB66CC}.Debug|Any CPU.Build.0 = Debug|Any CPU
		{A727FEBB-5F94-4C80-BBF4-2A875CDB66CC}.Release|Any CPU.ActiveCfg = Release|Any CPU
		{A727FEBB-5F94-4C80-BBF4-2A875CDB66CC}.Release|Any CPU.Build.0 = Release|Any CPU
		{6CC29B95-4285-430D-AE9C-ADDA5BB035DF}.Debug|Any CPU.ActiveCfg = Debug|Any CPU
		{6CC29B95-4285-430D-AE9C-ADDA5BB035DF}.Debug|Any CPU.Build.0 = Debug|Any CPU
		{6CC29B95-4285-430D-AE9C-ADDA5BB035DF}.Release|Any CPU.ActiveCfg = Release|Any CPU
		{6CC29B95-4285-430D-AE9C-ADDA5BB035DF}.Release|Any CPU.Build.0 = Release|Any CPU
		{81EE563C-7A7E-4725-88B9-1EC401DF6337}.Debug|Any CPU.ActiveCfg = Debug|Any CPU
		{81EE563C-7A7E-4725-88B9-1EC401DF6337}.Debug|Any CPU.Build.0 = Debug|Any CPU
		{81EE563C-7A7E-4725-88B9-1EC401DF6337}.Release|Any CPU.ActiveCfg = Release|Any CPU
		{81EE563C-7A7E-4725-88B9-1EC401DF6337}.Release|Any CPU.Build.0 = Release|Any CPU
		{F3190215-15DD-4DB8-AA8B-0907C206908F}.Debug|Any CPU.ActiveCfg = Debug|Any CPU
		{F3190215-15DD-4DB8-AA8B-0907C206908F}.Debug|Any CPU.Build.0 = Debug|Any CPU
		{F3190215-15DD-4DB8-AA8B-0907C206908F}.Release|Any CPU.ActiveCfg = Release|Any CPU
		{F3190215-15DD-4DB8-AA8B-0907C206908F}.Release|Any CPU.Build.0 = Release|Any CPU
		{F80832C4-D8E2-4136-9FF3-3A5B70161C0F}.Debug|Any CPU.ActiveCfg = Debug|Any CPU
		{F80832C4-D8E2-4136-9FF3-3A5B70161C0F}.Debug|Any CPU.Build.0 = Debug|Any CPU
		{F80832C4-D8E2-4136-9FF3-3A5B70161C0F}.Release|Any CPU.ActiveCfg = Release|Any CPU
		{F80832C4-D8E2-4136-9FF3-3A5B70161C0F}.Release|Any CPU.Build.0 = Release|Any CPU
		{869F78F0-F861-4979-B429-1CD3038A7E33}.Debug|Any CPU.ActiveCfg = Debug|Any CPU
		{869F78F0-F861-4979-B429-1CD3038A7E33}.Debug|Any CPU.Build.0 = Debug|Any CPU
		{869F78F0-F861-4979-B429-1CD3038A7E33}.Release|Any CPU.ActiveCfg = Release|Any CPU
		{869F78F0-F861-4979-B429-1CD3038A7E33}.Release|Any CPU.Build.0 = Release|Any CPU
		{BD227C2B-3932-4673-AF3C-71C3DA91821B}.Debug|Any CPU.ActiveCfg = Debug|Any CPU
		{BD227C2B-3932-4673-AF3C-71C3DA91821B}.Debug|Any CPU.Build.0 = Debug|Any CPU
		{BD227C2B-3932-4673-AF3C-71C3DA91821B}.Release|Any CPU.ActiveCfg = Release|Any CPU
		{BD227C2B-3932-4673-AF3C-71C3DA91821B}.Release|Any CPU.Build.0 = Release|Any CPU
		{32F37E29-7585-485F-81D0-4E37E91D7E94}.Debug|Any CPU.ActiveCfg = Debug|Any CPU
		{32F37E29-7585-485F-81D0-4E37E91D7E94}.Debug|Any CPU.Build.0 = Debug|Any CPU
		{32F37E29-7585-485F-81D0-4E37E91D7E94}.Release|Any CPU.ActiveCfg = Release|Any CPU
		{32F37E29-7585-485F-81D0-4E37E91D7E94}.Release|Any CPU.Build.0 = Release|Any CPU
		{55F5E3D2-A794-4B43-A182-1E3B75D52DB0}.Debug|Any CPU.ActiveCfg = Debug|Any CPU
		{55F5E3D2-A794-4B43-A182-1E3B75D52DB0}.Debug|Any CPU.Build.0 = Debug|Any CPU
		{55F5E3D2-A794-4B43-A182-1E3B75D52DB0}.Release|Any CPU.ActiveCfg = Release|Any CPU
		{55F5E3D2-A794-4B43-A182-1E3B75D52DB0}.Release|Any CPU.Build.0 = Release|Any CPU
		{6279C882-AA88-40EF-8621-7D897B33947A}.Debug|Any CPU.ActiveCfg = Debug|Any CPU
		{6279C882-AA88-40EF-8621-7D897B33947A}.Debug|Any CPU.Build.0 = Debug|Any CPU
		{6279C882-AA88-40EF-8621-7D897B33947A}.Release|Any CPU.ActiveCfg = Release|Any CPU
		{6279C882-AA88-40EF-8621-7D897B33947A}.Release|Any CPU.Build.0 = Release|Any CPU
		{807C1A81-1918-4C36-88BA-65AEB8050428}.Debug|Any CPU.ActiveCfg = Debug|Any CPU
		{807C1A81-1918-4C36-88BA-65AEB8050428}.Debug|Any CPU.Build.0 = Debug|Any CPU
		{807C1A81-1918-4C36-88BA-65AEB8050428}.Release|Any CPU.ActiveCfg = Release|Any CPU
		{807C1A81-1918-4C36-88BA-65AEB8050428}.Release|Any CPU.Build.0 = Release|Any CPU
		{7C475BA3-3044-44B7-8143-572F3F1EE235}.Debug|Any CPU.ActiveCfg = Debug|Any CPU
		{7C475BA3-3044-44B7-8143-572F3F1EE235}.Debug|Any CPU.Build.0 = Debug|Any CPU
		{7C475BA3-3044-44B7-8143-572F3F1EE235}.Release|Any CPU.ActiveCfg = Release|Any CPU
		{7C475BA3-3044-44B7-8143-572F3F1EE235}.Release|Any CPU.Build.0 = Release|Any CPU
		{1A121FA6-1630-4F62-B662-F80ED37E5CCC}.Debug|Any CPU.ActiveCfg = Debug|Any CPU
		{1A121FA6-1630-4F62-B662-F80ED37E5CCC}.Debug|Any CPU.Build.0 = Debug|Any CPU
		{1A121FA6-1630-4F62-B662-F80ED37E5CCC}.Release|Any CPU.ActiveCfg = Release|Any CPU
		{1A121FA6-1630-4F62-B662-F80ED37E5CCC}.Release|Any CPU.Build.0 = Release|Any CPU
		{60ED9226-C4B3-4E0C-802A-9337149B3C15}.Debug|Any CPU.ActiveCfg = Debug|Any CPU
		{60ED9226-C4B3-4E0C-802A-9337149B3C15}.Debug|Any CPU.Build.0 = Debug|Any CPU
		{60ED9226-C4B3-4E0C-802A-9337149B3C15}.Release|Any CPU.ActiveCfg = Release|Any CPU
		{60ED9226-C4B3-4E0C-802A-9337149B3C15}.Release|Any CPU.Build.0 = Release|Any CPU
		{B8A8E5F7-7473-40ED-925C-CB7134CDE855}.Debug|Any CPU.ActiveCfg = Debug|Any CPU
		{B8A8E5F7-7473-40ED-925C-CB7134CDE855}.Debug|Any CPU.Build.0 = Debug|Any CPU
		{B8A8E5F7-7473-40ED-925C-CB7134CDE855}.Release|Any CPU.ActiveCfg = Release|Any CPU
		{B8A8E5F7-7473-40ED-925C-CB7134CDE855}.Release|Any CPU.Build.0 = Release|Any CPU
		{96E67F6E-053B-411B-847B-9A632ADC0BA2}.Debug|Any CPU.ActiveCfg = Debug|Any CPU
		{96E67F6E-053B-411B-847B-9A632ADC0BA2}.Debug|Any CPU.Build.0 = Debug|Any CPU
		{96E67F6E-053B-411B-847B-9A632ADC0BA2}.Release|Any CPU.ActiveCfg = Release|Any CPU
		{96E67F6E-053B-411B-847B-9A632ADC0BA2}.Release|Any CPU.Build.0 = Release|Any CPU
		{16311AA3-132A-4B72-9082-867F671E348B}.Debug|Any CPU.ActiveCfg = Debug|Any CPU
		{16311AA3-132A-4B72-9082-867F671E348B}.Debug|Any CPU.Build.0 = Debug|Any CPU
		{16311AA3-132A-4B72-9082-867F671E348B}.Release|Any CPU.ActiveCfg = Release|Any CPU
		{16311AA3-132A-4B72-9082-867F671E348B}.Release|Any CPU.Build.0 = Release|Any CPU
		{EAD69D2F-6573-42FC-AF60-7C1019675215}.Debug|Any CPU.ActiveCfg = Debug|Any CPU
		{EAD69D2F-6573-42FC-AF60-7C1019675215}.Debug|Any CPU.Build.0 = Debug|Any CPU
		{EAD69D2F-6573-42FC-AF60-7C1019675215}.Release|Any CPU.ActiveCfg = Release|Any CPU
		{EAD69D2F-6573-42FC-AF60-7C1019675215}.Release|Any CPU.Build.0 = Release|Any CPU
		{45BE4C20-F68B-47E8-96CF-D5423C6D96B2}.Debug|Any CPU.ActiveCfg = Debug|Any CPU
		{45BE4C20-F68B-47E8-96CF-D5423C6D96B2}.Debug|Any CPU.Build.0 = Debug|Any CPU
		{45BE4C20-F68B-47E8-96CF-D5423C6D96B2}.Release|Any CPU.ActiveCfg = Release|Any CPU
		{45BE4C20-F68B-47E8-96CF-D5423C6D96B2}.Release|Any CPU.Build.0 = Release|Any CPU
		{FDE6A3CB-1A6B-49BF-9CCC-91853468EDB2}.Debug|Any CPU.ActiveCfg = Debug|Any CPU
		{FDE6A3CB-1A6B-49BF-9CCC-91853468EDB2}.Debug|Any CPU.Build.0 = Debug|Any CPU
		{FDE6A3CB-1A6B-49BF-9CCC-91853468EDB2}.Release|Any CPU.ActiveCfg = Release|Any CPU
		{FDE6A3CB-1A6B-49BF-9CCC-91853468EDB2}.Release|Any CPU.Build.0 = Release|Any CPU
		{39A0F7D8-D99C-4D3E-B38F-2438ECDC2F7F}.Debug|Any CPU.ActiveCfg = Debug|Any CPU
		{39A0F7D8-D99C-4D3E-B38F-2438ECDC2F7F}.Debug|Any CPU.Build.0 = Debug|Any CPU
		{39A0F7D8-D99C-4D3E-B38F-2438ECDC2F7F}.Release|Any CPU.ActiveCfg = Release|Any CPU
		{39A0F7D8-D99C-4D3E-B38F-2438ECDC2F7F}.Release|Any CPU.Build.0 = Release|Any CPU
	EndGlobalSection
	GlobalSection(SolutionProperties) = preSolution
		HideSolutionNode = FALSE
	EndGlobalSection
	GlobalSection(ExtensibilityGlobals) = postSolution
		SolutionGuid = {0B117406-4AC4-416D-BB89-E39492C2EDB2}
	EndGlobalSection
EndGlobal
